{
  "name": "node561",
  "lockfileVersion": 3,
  "requires": true,
  "packages": {
    "": {
      "dependencies": {
        "lodash": "^4.17.21",
        "upercase": "^0.0.8"
      }
    },
    "node_modules/commander": {
      "version": "2.0.0",
      "resolved": "https://registry.npmjs.org/commander/-/commander-2.0.0.tgz",
      "integrity": "sha512-qebjpyeaA/nJ4w3EO2cV2++/zEkccPnjWogzA2rff+Lk8ILI75vULeTmyd4wPxWdKwtP3J+G39IXVZadh0UHyw==",
      "engines": {
        "node": ">= 0.6.x"
      }
    },
    "node_modules/lodash": {
      "version": "4.17.21",
      "resolved": "https://registry.npmjs.org/lodash/-/lodash-4.17.21.tgz",
      "integrity": "sha512-v2kDEe57lecTulaDIuNTPy3Ry4gLGJ6Z1O3vE1krgXZNrsQ+LFTGHVxVjcXPs17LhbZVGedAJv8XZ1tvj5FvSg=="
    },
    "node_modules/upercase": {
      "version": "0.0.8",
      "resolved": "https://registry.npmjs.org/upercase/-/upercase-0.0.8.tgz",
      "integrity": "sha512-KBlrBod9ULLWbo1PHY/+/rJEYnr4PLaKoljWCOYAbEXvOMKs73f7TPyHszv4QwX4Z4bIw66td3UV7/rZ38Y6dA==",
      "dependencies": {
        "commander": "2.0.0"
      },
      "bin": {
        "upercase": "bin/uppercaseme"
      }
    }
  }
}
